
Microsoft Visual Studio Solution File, Format Version 10.00
# Visual Studio 2008
Project("{8BC9CEB8-8B4A-11D0-8D11-00A0C91BC942}") = "shell", "shell\shell.vcproj", "{0EFEC398-06B9-4EF7-B485-51E4FCEB330E}"
EndProject
Project("{2150E333-8FDC-42A3-9474-1A3956D46DE8}") = "core", "core", "{ADB17AA8-F379-45E7-95D7-31DA0684DF43}"
	ProjectSection(SolutionItems) = preProject
		bitfsm.h = bitfsm.h
	EndProjectSection
EndProject
Global
	GlobalSection(SolutionConfigurationPlatforms) = preSolution
		Debug|Win32 = Debug|Win32
		Release|Win32 = Release|Win32
	EndGlobalSection
	GlobalSection(ProjectConfigurationPlatforms) = postSolution
		{0EFEC398-06B9-4EF7-B485-51E4FCEB330E}.Debug|Win32.ActiveCfg = Debug|Win32
		{0EFEC398-06B9-4EF7-B485-51E4FCEB330E}.Debug|Win32.Build.0 = Debug|Win32
		{0EFEC398-06B9-4EF7-B485-51E4FCEB330E}.Release|Win32.ActiveCfg = Release|Win32
		{0EFEC398-06B9-4EF7-B485-51E4FCEB330E}.Release|Win32.Build.0 = Release|Win32
	EndGlobalSection
	GlobalSection(SolutionProperties) = preSolution
		HideSolutionNode = FALSE
	EndGlobalSection
EndGlobal
